
Microsoft Visual Studio Solution File, Format Version 12.00
# Visual Studio Version 17
VisualStudioVersion = 17.12.35527.113
MinimumVisualStudioVersion = 10.0.40219.1
Project("{FAE04EC0-301F-11D3-BF4B-00C04F79EFBC}") = "BioAlgorithm.Core", "BioAlgorithm.Core\BioAlgorithm.Core.csproj", "{06E9611B-5936-4B2E-A58F-690C18D57B88}"
EndProject
Project("{2150E333-8FDC-42A3-9474-1A3956D46DE8}") = "Presentation", "Presentation", "{C7298B85-BFBC-47C9-8740-F410644E9F7E}"
EndProject
Project("{2150E333-8FDC-42A3-9474-1A3956D46DE8}") = "Vew", "Vew", "{6A442647-5EDA-4D1C-BC60-C0EFD9A4332B}"
EndProject
Project("{2150E333-8FDC-42A3-9474-1A3956D46DE8}") = "Data", "Data", "{B1AA856B-952F-40B9-BB31-764093A9D26A}"
EndProject
Project("{2150E333-8FDC-42A3-9474-1A3956D46DE8}") = "Services", "Services", "{2F08E305-C219-4699-9204-27915973991C}"
EndProject
Project("{FAE04EC0-301F-11D3-BF4B-00C04F79EFBC}") = "BioAlgorithm.Data", "Data\BioAlgorithm.Data\BioAlgorithm.Data.csproj", "{8D6BF5CA-4AE2-457D-8869-4FD73EAB9DEF}"
EndProject
Project("{FAE04EC0-301F-11D3-BF4B-00C04F79EFBC}") = "BioAlgorithm.Services", "Services\BioAlgorithm.Services\BioAlgorithm.Services.csproj", "{2A030C23-838B-4DD1-9651-F7E2E9EBC101}"
EndProject
Project("{FAE04EC0-301F-11D3-BF4B-00C04F79EFBC}") = "BioAlgorithm.Services.Contract", "Services\BioAlgorithm.Services.Contract\BioAlgorithm.Services.Contract.csproj", "{DE51F23E-62B0-4A7F-A8CA-E779F475DE05}"
EndProject
Project("{FAE04EC0-301F-11D3-BF4B-00C04F79EFBC}") = "BioAlgorithm.Data.Contract", "Data\BioAlgorithm.Data.Contract\BioAlgorithm.Data.Contract.csproj", "{BB8E0426-1AB8-4DAE-BAE1-92276FB8D9A8}"
EndProject
Project("{2150E333-8FDC-42A3-9474-1A3956D46DE8}") = "ViewModel", "ViewModel", "{9BA943E8-00D8-40D3-8264-CF669339B014}"
EndProject
Project("{FAE04EC0-301F-11D3-BF4B-00C04F79EFBC}") = "BioAlgorithmViewModel", "Presentation\BioAlgorithmViewModel\BioAlgorithmViewModel.csproj", "{E0AEE4ED-25CD-4F0C-8640-D34629CE0224}"
EndProject
Project("{2150E333-8FDC-42A3-9474-1A3956D46DE8}") = "Algorithm", "Algorithm", "{16C0B8C5-EB04-4D56-9DAE-F0A3F15C097F}"
EndProject
Project("{2150E333-8FDC-42A3-9474-1A3956D46DE8}") = "Polynomial", "Polynomial", "{568C0401-7E01-40FE-9342-23079E21CB12}"
EndProject
Project("{2150E333-8FDC-42A3-9474-1A3956D46DE8}") = "Exponential", "Exponential", "{8BF9FE0A-AD9E-4603-8E2F-3B63A7441757}"
EndProject
Project("{2150E333-8FDC-42A3-9474-1A3956D46DE8}") = "Base", "Base", "{1AE2B6E5-79B4-47F8-BB18-FAEDABE5ECC5}"
EndProject
Project("{2150E333-8FDC-42A3-9474-1A3956D46DE8}") = "Graph", "Graph", "{8BC3225C-01F9-4739-B12C-840847074135}"
EndProject
Project("{2150E333-8FDC-42A3-9474-1A3956D46DE8}") = "Sorting", "Sorting", "{375447FE-5068-4F0A-8E67-571B48C58458}"
EndProject
Project("{2150E333-8FDC-42A3-9474-1A3956D46DE8}") = "Strings", "Strings", "{C5F884D6-AD15-42A3-9C8A-F9DAEEFA384D}"
EndProject
Project("{FAE04EC0-301F-11D3-BF4B-00C04F79EFBC}") = "FindingRegulatoryMotifs", "Algorithm\Exponential\FindingRegulatoryMotifs\FindingRegulatoryMotifs.csproj", "{02787167-1587-4FBC-B9B0-EAA300BA7925}"
EndProject
Project("{FAE04EC0-301F-11D3-BF4B-00C04F79EFBC}") = "BaseLibrary", "Algorithm\Base\BaseLibrary\BaseLibrary.csproj", "{87746E16-1067-4BB6-8994-B5501D7C9ABC}"
EndProject
Project("{FAE04EC0-301F-11D3-BF4B-00C04F79EFBC}") = "BaseContract", "Algorithm\Base\BaseContract\BaseContract.csproj", "{5D31C5D5-1B75-445F-9F8D-203651C1411E}"
EndProject
Project("{2150E333-8FDC-42A3-9474-1A3956D46DE8}") = "Model", "Model", "{E6C83131-496E-4373-98BD-92EB0FB056E9}"
EndProject
Project("{FAE04EC0-301F-11D3-BF4B-00C04F79EFBC}") = "BioAlgorithmModel", "Presentation\BioAlgorithmModel\BioAlgorithmModel.csproj", "{C0ADE8D0-92FA-4522-ABEF-F73853F52FCB}"
EndProject
Project("{FAE04EC0-301F-11D3-BF4B-00C04F79EFBC}") = "IsomorphismGraph", "Algorithm\Exponential\IsomorphismGraph\IsomorphismGraph.csproj", "{B79F07DA-5CEA-4142-9027-7264274DD80F}"
EndProject
Project("{2150E333-8FDC-42A3-9474-1A3956D46DE8}") = "Statistics", "Statistics", "{00F2C7ED-40D4-4E1D-A31A-7D47E1149E95}"
EndProject
Project("{FAE04EC0-301F-11D3-BF4B-00C04F79EFBC}") = "StatisticsStorage", "Statistics\StatisticsStorage\StatisticsStorage.csproj", "{FAC0A836-A8F6-4457-A07E-6159E6A98632}"
EndProject
Project("{FAE04EC0-301F-11D3-BF4B-00C04F79EFBC}") = "ArticulationPoints", "Algorithm\Polynomial\Graph\ArticulationPoints\ArticulationPoints.csproj", "{83DE8831-6CB8-456A-B652-39193F357690}"
EndProject
Project("{FAE04EC0-301F-11D3-BF4B-00C04F79EFBC}") = "CompareSort", "Algorithm\Polynomial\Sorting\CompareSort\CompareSort.csproj", "{07AAE7EE-34A9-468C-954B-E3117BBA8028}"
EndProject
Project("{FAE04EC0-301F-11D3-BF4B-00C04F79EFBC}") = "DNAMapping", "Algorithm\Exponential\DNAMapping\DNAMapping.csproj", "{32F10C79-D600-4F3D-A87A-99B29DBF5C30}"
EndProject
Project("{FAE04EC0-301F-11D3-BF4B-00C04F79EFBC}") = "ExactStringCompare", "Algorithm\Polynomial\Strings\ExactStringCompare\ExactStringCompare.csproj", "{40512F8A-E072-41B2-AC83-A93F37D87E07}"
EndProject
Project("{2150E333-8FDC-42A3-9474-1A3956D46DE8}") = "Set", "Set", "{E24629CE-B6CB-4B57-8D26-7C99E45C9665}"
EndProject
Project("{FAE04EC0-301F-11D3-BF4B-00C04F79EFBC}") = "RepresentativesSet", "Algorithm\Set\RepresentativesSet\RepresentativesSet.csproj", "{EA3449E3-E3DA-41A5-8065-5B6C15D8F8B4}"
EndProject
Global
	GlobalSection(SolutionConfigurationPlatforms) = preSolution
		Debug|Any CPU = Debug|Any CPU
		Release|Any CPU = Release|Any CPU
	EndGlobalSection
	GlobalSection(ProjectConfigurationPlatforms) = postSolution
		{06E9611B-5936-4B2E-A58F-690C18D57B88}.Debug|Any CPU.ActiveCfg = Debug|Any CPU
		{06E9611B-5936-4B2E-A58F-690C18D57B88}.Debug|Any CPU.Build.0 = Debug|Any CPU
		{06E9611B-5936-4B2E-A58F-690C18D57B88}.Release|Any CPU.ActiveCfg = Release|Any CPU
		{06E9611B-5936-4B2E-A58F-690C18D57B88}.Release|Any CPU.Build.0 = Release|Any CPU
		{8D6BF5CA-4AE2-457D-8869-4FD73EAB9DEF}.Debug|Any CPU.ActiveCfg = Debug|Any CPU
		{8D6BF5CA-4AE2-457D-8869-4FD73EAB9DEF}.Debug|Any CPU.Build.0 = Debug|Any CPU
		{8D6BF5CA-4AE2-457D-8869-4FD73EAB9DEF}.Release|Any CPU.ActiveCfg = Release|Any CPU
		{8D6BF5CA-4AE2-457D-8869-4FD73EAB9DEF}.Release|Any CPU.Build.0 = Release|Any CPU
		{2A030C23-838B-4DD1-9651-F7E2E9EBC101}.Debug|Any CPU.ActiveCfg = Debug|Any CPU
		{2A030C23-838B-4DD1-9651-F7E2E9EBC101}.Debug|Any CPU.Build.0 = Debug|Any CPU
		{2A030C23-838B-4DD1-9651-F7E2E9EBC101}.Release|Any CPU.ActiveCfg = Release|Any CPU
		{2A030C23-838B-4DD1-9651-F7E2E9EBC101}.Release|Any CPU.Build.0 = Release|Any CPU
		{DE51F23E-62B0-4A7F-A8CA-E779F475DE05}.Debug|Any CPU.ActiveCfg = Debug|Any CPU
		{DE51F23E-62B0-4A7F-A8CA-E779F475DE05}.Debug|Any CPU.Build.0 = Debug|Any CPU
		{DE51F23E-62B0-4A7F-A8CA-E779F475DE05}.Release|Any CPU.ActiveCfg = Release|Any CPU
		{DE51F23E-62B0-4A7F-A8CA-E779F475DE05}.Release|Any CPU.Build.0 = Release|Any CPU
		{BB8E0426-1AB8-4DAE-BAE1-92276FB8D9A8}.Debug|Any CPU.ActiveCfg = Debug|Any CPU
		{BB8E0426-1AB8-4DAE-BAE1-92276FB8D9A8}.Debug|Any CPU.Build.0 = Debug|Any CPU
		{BB8E0426-1AB8-4DAE-BAE1-92276FB8D9A8}.Release|Any CPU.ActiveCfg = Release|Any CPU
		{BB8E0426-1AB8-4DAE-BAE1-92276FB8D9A8}.Release|Any CPU.Build.0 = Release|Any CPU
		{E0AEE4ED-25CD-4F0C-8640-D34629CE0224}.Debug|Any CPU.ActiveCfg = Debug|Any CPU
		{E0AEE4ED-25CD-4F0C-8640-D34629CE0224}.Debug|Any CPU.Build.0 = Debug|Any CPU
		{E0AEE4ED-25CD-4F0C-8640-D34629CE0224}.Release|Any CPU.ActiveCfg = Release|Any CPU
		{E0AEE4ED-25CD-4F0C-8640-D34629CE0224}.Release|Any CPU.Build.0 = Release|Any CPU
		{02787167-1587-4FBC-B9B0-EAA300BA7925}.Debug|Any CPU.ActiveCfg = Debug|Any CPU
		{02787167-1587-4FBC-B9B0-EAA300BA7925}.Debug|Any CPU.Build.0 = Debug|Any CPU
		{02787167-1587-4FBC-B9B0-EAA300BA7925}.Release|Any CPU.ActiveCfg = Release|Any CPU
		{02787167-1587-4FBC-B9B0-EAA300BA7925}.Release|Any CPU.Build.0 = Release|Any CPU
		{87746E16-1067-4BB6-8994-B5501D7C9ABC}.Debug|Any CPU.ActiveCfg = Debug|Any CPU
		{87746E16-1067-4BB6-8994-B5501D7C9ABC}.Debug|Any CPU.Build.0 = Debug|Any CPU
		{87746E16-1067-4BB6-8994-B5501D7C9ABC}.Release|Any CPU.ActiveCfg = Release|Any CPU
		{87746E16-1067-4BB6-8994-B5501D7C9ABC}.Release|Any CPU.Build.0 = Release|Any CPU
		{5D31C5D5-1B75-445F-9F8D-203651C1411E}.Debug|Any CPU.ActiveCfg = Debug|Any CPU
		{5D31C5D5-1B75-445F-9F8D-203651C1411E}.Debug|Any CPU.Build.0 = Debug|Any CPU
		{5D31C5D5-1B75-445F-9F8D-203651C1411E}.Release|Any CPU.ActiveCfg = Release|Any CPU
		{5D31C5D5-1B75-445F-9F8D-203651C1411E}.Release|Any CPU.Build.0 = Release|Any CPU
		{C0ADE8D0-92FA-4522-ABEF-F73853F52FCB}.Debug|Any CPU.ActiveCfg = Debug|Any CPU
		{C0ADE8D0-92FA-4522-ABEF-F73853F52FCB}.Debug|Any CPU.Build.0 = Debug|Any CPU
		{C0ADE8D0-92FA-4522-ABEF-F73853F52FCB}.Release|Any CPU.ActiveCfg = Release|Any CPU
		{C0ADE8D0-92FA-4522-ABEF-F73853F52FCB}.Release|Any CPU.Build.0 = Release|Any CPU
		{B79F07DA-5CEA-4142-9027-7264274DD80F}.Debug|Any CPU.ActiveCfg = Debug|Any CPU
		{B79F07DA-5CEA-4142-9027-7264274DD80F}.Debug|Any CPU.Build.0 = Debug|Any CPU
		{B79F07DA-5CEA-4142-9027-7264274DD80F}.Release|Any CPU.ActiveCfg = Release|Any CPU
		{B79F07DA-5CEA-4142-9027-7264274DD80F}.Release|Any CPU.Build.0 = Release|Any CPU
		{FAC0A836-A8F6-4457-A07E-6159E6A98632}.Debug|Any CPU.ActiveCfg = Debug|Any CPU
		{FAC0A836-A8F6-4457-A07E-6159E6A98632}.Debug|Any CPU.Build.0 = Debug|Any CPU
		{FAC0A836-A8F6-4457-A07E-6159E6A98632}.Release|Any CPU.ActiveCfg = Release|Any CPU
		{FAC0A836-A8F6-4457-A07E-6159E6A98632}.Release|Any CPU.Build.0 = Release|Any CPU
		{83DE8831-6CB8-456A-B652-39193F357690}.Debug|Any CPU.ActiveCfg = Debug|Any CPU
		{83DE8831-6CB8-456A-B652-39193F357690}.Debug|Any CPU.Build.0 = Debug|Any CPU
		{83DE8831-6CB8-456A-B652-39193F357690}.Release|Any CPU.ActiveCfg = Release|Any CPU
		{83DE8831-6CB8-456A-B652-39193F357690}.Release|Any CPU.Build.0 = Release|Any CPU
		{07AAE7EE-34A9-468C-954B-E3117BBA8028}.Debug|Any CPU.ActiveCfg = Debug|Any CPU
		{07AAE7EE-34A9-468C-954B-E3117BBA8028}.Debug|Any CPU.Build.0 = Debug|Any CPU
		{07AAE7EE-34A9-468C-954B-E3117BBA8028}.Release|Any CPU.ActiveCfg = Release|Any CPU
		{07AAE7EE-34A9-468C-954B-E3117BBA8028}.Release|Any CPU.Build.0 = Release|Any CPU
		{32F10C79-D600-4F3D-A87A-99B29DBF5C30}.Debug|Any CPU.ActiveCfg = Debug|Any CPU
		{32F10C79-D600-4F3D-A87A-99B29DBF5C30}.Debug|Any CPU.Build.0 = Debug|Any CPU
		{32F10C79-D600-4F3D-A87A-99B29DBF5C30}.Release|Any CPU.ActiveCfg = Release|Any CPU
		{32F10C79-D600-4F3D-A87A-99B29DBF5C30}.Release|Any CPU.Build.0 = Release|Any CPU
		{40512F8A-E072-41B2-AC83-A93F37D87E07}.Debug|Any CPU.ActiveCfg = Debug|Any CPU
		{40512F8A-E072-41B2-AC83-A93F37D87E07}.Debug|Any CPU.Build.0 = Debug|Any CPU
		{40512F8A-E072-41B2-AC83-A93F37D87E07}.Release|Any CPU.ActiveCfg = Release|Any CPU
		{40512F8A-E072-41B2-AC83-A93F37D87E07}.Release|Any CPU.Build.0 = Release|Any CPU
		{EA3449E3-E3DA-41A5-8065-5B6C15D8F8B4}.Debug|Any CPU.ActiveCfg = Debug|Any CPU
		{EA3449E3-E3DA-41A5-8065-5B6C15D8F8B4}.Debug|Any CPU.Build.0 = Debug|Any CPU
		{EA3449E3-E3DA-41A5-8065-5B6C15D8F8B4}.Release|Any CPU.ActiveCfg = Release|Any CPU
		{EA3449E3-E3DA-41A5-8065-5B6C15D8F8B4}.Release|Any CPU.Build.0 = Release|Any CPU
	EndGlobalSection
	GlobalSection(SolutionProperties) = preSolution
		HideSolutionNode = FALSE
	EndGlobalSection
	GlobalSection(NestedProjects) = preSolution
		{06E9611B-5936-4B2E-A58F-690C18D57B88} = {6A442647-5EDA-4D1C-BC60-C0EFD9A4332B}
		{6A442647-5EDA-4D1C-BC60-C0EFD9A4332B} = {C7298B85-BFBC-47C9-8740-F410644E9F7E}
		{8D6BF5CA-4AE2-457D-8869-4FD73EAB9DEF} = {B1AA856B-952F-40B9-BB31-764093A9D26A}
		{2A030C23-838B-4DD1-9651-F7E2E9EBC101} = {2F08E305-C219-4699-9204-27915973991C}
		{DE51F23E-62B0-4A7F-A8CA-E779F475DE05} = {2F08E305-C219-4699-9204-27915973991C}
		{BB8E0426-1AB8-4DAE-BAE1-92276FB8D9A8} = {B1AA856B-952F-40B9-BB31-764093A9D26A}
		{9BA943E8-00D8-40D3-8264-CF669339B014} = {C7298B85-BFBC-47C9-8740-F410644E9F7E}
		{E0AEE4ED-25CD-4F0C-8640-D34629CE0224} = {9BA943E8-00D8-40D3-8264-CF669339B014}
		{568C0401-7E01-40FE-9342-23079E21CB12} = {16C0B8C5-EB04-4D56-9DAE-F0A3F15C097F}
		{8BF9FE0A-AD9E-4603-8E2F-3B63A7441757} = {16C0B8C5-EB04-4D56-9DAE-F0A3F15C097F}
		{1AE2B6E5-79B4-47F8-BB18-FAEDABE5ECC5} = {16C0B8C5-EB04-4D56-9DAE-F0A3F15C097F}
		{8BC3225C-01F9-4739-B12C-840847074135} = {568C0401-7E01-40FE-9342-23079E21CB12}
		{375447FE-5068-4F0A-8E67-571B48C58458} = {568C0401-7E01-40FE-9342-23079E21CB12}
		{C5F884D6-AD15-42A3-9C8A-F9DAEEFA384D} = {568C0401-7E01-40FE-9342-23079E21CB12}
		{02787167-1587-4FBC-B9B0-EAA300BA7925} = {8BF9FE0A-AD9E-4603-8E2F-3B63A7441757}
		{87746E16-1067-4BB6-8994-B5501D7C9ABC} = {1AE2B6E5-79B4-47F8-BB18-FAEDABE5ECC5}
		{5D31C5D5-1B75-445F-9F8D-203651C1411E} = {1AE2B6E5-79B4-47F8-BB18-FAEDABE5ECC5}
		{E6C83131-496E-4373-98BD-92EB0FB056E9} = {C7298B85-BFBC-47C9-8740-F410644E9F7E}
		{C0ADE8D0-92FA-4522-ABEF-F73853F52FCB} = {E6C83131-496E-4373-98BD-92EB0FB056E9}
		{B79F07DA-5CEA-4142-9027-7264274DD80F} = {8BF9FE0A-AD9E-4603-8E2F-3B63A7441757}
		{FAC0A836-A8F6-4457-A07E-6159E6A98632} = {00F2C7ED-40D4-4E1D-A31A-7D47E1149E95}
		{83DE8831-6CB8-456A-B652-39193F357690} = {8BC3225C-01F9-4739-B12C-840847074135}
		{07AAE7EE-34A9-468C-954B-E3117BBA8028} = {375447FE-5068-4F0A-8E67-571B48C58458}
		{32F10C79-D600-4F3D-A87A-99B29DBF5C30} = {8BF9FE0A-AD9E-4603-8E2F-3B63A7441757}
		{40512F8A-E072-41B2-AC83-A93F37D87E07} = {C5F884D6-AD15-42A3-9C8A-F9DAEEFA384D}
		{E24629CE-B6CB-4B57-8D26-7C99E45C9665} = {16C0B8C5-EB04-4D56-9DAE-F0A3F15C097F}
		{EA3449E3-E3DA-41A5-8065-5B6C15D8F8B4} = {E24629CE-B6CB-4B57-8D26-7C99E45C9665}
	EndGlobalSection
EndGlobal
