
Microsoft Visual Studio Solution File, Format Version 12.00
# Visual Studio Version 17
VisualStudioVersion = 17.12.35527.113
MinimumVisualStudioVersion = 10.0.40219.1
Project("{FAE04EC0-301F-11D3-BF4B-00C04F79EFBC}") = "BioAlgorithm.Core.Test", "BioAlgorithm.Core.Test.csproj", "{2CB4FA58-470E-4742-8663-668F8ABE7F7A}"
EndProject
Project("{2150E333-8FDC-42A3-9474-1A3956D46DE8}") = "Algorithm.Test", "Algorithm.Test", "{3DE89A00-6DD6-4C0A-8D62-E5350CDE5D05}"
EndProject
Project("{2150E333-8FDC-42A3-9474-1A3956D46DE8}") = "Polinomial", "Polinomial", "{A2AE3A9B-CE7D-49CE-807B-B219075F2488}"
EndProject
Project("{2150E333-8FDC-42A3-9474-1A3956D46DE8}") = "Exponential", "Exponential", "{623C4741-C742-4F7F-A10F-5D7784C3F01E}"
EndProject
Project("{2150E333-8FDC-42A3-9474-1A3956D46DE8}") = "String", "String", "{09F8C0E9-B85D-449E-B997-FCE144A89EF1}"
EndProject
Project("{FAE04EC0-301F-11D3-BF4B-00C04F79EFBC}") = "Algorithm.Test.Exponential", "..\Algorithm.Test\Algorithm.Test.Exponential\Algorithm.Test.Exponential.csproj", "{94D03014-7ED8-4634-AAF9-9BFF1E724F61}"
EndProject
Project("{FAE04EC0-301F-11D3-BF4B-00C04F79EFBC}") = "Algorithm.Test.Polinomial", "..\Algorithm.Test\Algorithm.Test.Polinomial\Algorithm.Test.Polinomial.csproj", "{EEA34670-F292-46E2-BD0C-D6C638EBF503}"
EndProject
Project("{FAE04EC0-301F-11D3-BF4B-00C04F79EFBC}") = "Algorithm.Test.String", "..\Algorithm.Test\Algorithm.Test.String\Algorithm.Test.String.csproj", "{EFFD13E7-8F38-4CC5-A41C-41771AAFA09F}"
EndProject
Project("{FAE04EC0-301F-11D3-BF4B-00C04F79EFBC}") = "ArticulationPoints.Test", "..\Algorithm.Test\ArticulationPoints.Test\ArticulationPoints.Test.csproj", "{9522DAFC-6414-4073-A7D4-C40297AE245D}"
EndProject
Project("{2150E333-8FDC-42A3-9474-1A3956D46DE8}") = "Data", "Data", "{6F8F4977-524F-45A1-8035-D2F4D4B52488}"
EndProject
Project("{FAE04EC0-301F-11D3-BF4B-00C04F79EFBC}") = "BioAlgorithm.Data.Contract", "..\Data\BioAlgorithm.Data.Contract\BioAlgorithm.Data.Contract.csproj", "{4981AA28-084E-4F87-B872-B5B1AE729204}"
EndProject
Project("{FAE04EC0-301F-11D3-BF4B-00C04F79EFBC}") = "CommonLibrary.Test", "..\Algorithm.Test\CommonLibrary.Test\CommonLibrary.Test.csproj", "{B0E0A030-3F31-418A-8A2E-CCB82E546645}"
EndProject
Project("{2150E333-8FDC-42A3-9474-1A3956D46DE8}") = "Algorithm", "Algorithm", "{74D44794-F608-4686-8689-EA4D14C0519B}"
EndProject
Project("{2150E333-8FDC-42A3-9474-1A3956D46DE8}") = "Base", "Base", "{ADDB8012-6B32-4A71-9037-484FD9C74672}"
EndProject
Project("{FAE04EC0-301F-11D3-BF4B-00C04F79EFBC}") = "BaseContract", "..\Algorithm\Base\BaseContract\BaseContract.csproj", "{80F09C6A-9A08-4284-83CF-4218BE1B8C49}"
EndProject
Project("{FAE04EC0-301F-11D3-BF4B-00C04F79EFBC}") = "BaseLibrary", "..\Algorithm\Base\BaseLibrary\BaseLibrary.csproj", "{29E0FF28-09BC-41F8-81BE-896DA3FA46C7}"
EndProject
Project("{2150E333-8FDC-42A3-9474-1A3956D46DE8}") = "Exponential", "Exponential", "{F44D6630-DF23-4419-A8A3-0E1CD3A56195}"
EndProject
Project("{2150E333-8FDC-42A3-9474-1A3956D46DE8}") = "Polynomial", "Polynomial", "{DACA5C74-9B90-4E2E-8B80-E012B261F946}"
EndProject
Project("{2150E333-8FDC-42A3-9474-1A3956D46DE8}") = "Graph", "Graph", "{BB47E73D-15EA-44C2-96B4-6502E6754797}"
EndProject
Project("{2150E333-8FDC-42A3-9474-1A3956D46DE8}") = "Sorting", "Sorting", "{2547000F-87AE-444E-A0C3-B50339F84096}"
EndProject
Project("{2150E333-8FDC-42A3-9474-1A3956D46DE8}") = "Strings", "Strings", "{8BA183E4-B22F-4A3B-B463-19D0B2BB9476}"
EndProject
Project("{FAE04EC0-301F-11D3-BF4B-00C04F79EFBC}") = "ArticulationPoints", "..\Algorithm\Polynomial\Graph\ArticulationPoints\ArticulationPoints.csproj", "{4ABC4230-C332-4D61-BDE0-32C14DFF23F2}"
EndProject
Project("{FAE04EC0-301F-11D3-BF4B-00C04F79EFBC}") = "CompareSort.Test", "..\Algorithm.Test\CompareSort.Test\CompareSort.Test.csproj", "{E3233C39-7998-42F1-9BE5-B91720A0DD67}"
EndProject
Project("{FAE04EC0-301F-11D3-BF4B-00C04F79EFBC}") = "DNAMapping.Test", "..\Algorithm.Test\DNAMapping.Test\DNAMapping.Test.csproj", "{393079B3-D82C-4466-B138-CE3F73CA2B4B}"
EndProject
Project("{FAE04EC0-301F-11D3-BF4B-00C04F79EFBC}") = "ExactStringCompare.Test", "..\Algorithm.Test\ExactStringCompare.Test\ExactStringCompare.Test.csproj", "{3EE912A0-F3D2-4C6E-A91E-90F3A88172CE}"
EndProject
Project("{FAE04EC0-301F-11D3-BF4B-00C04F79EFBC}") = "Graph.Test", "..\Algorithm.Test\Graph.Test\Graph.Test.csproj", "{FE5B44C3-E5FE-4EDD-BB80-9774B1CEC342}"
EndProject
Project("{FAE04EC0-301F-11D3-BF4B-00C04F79EFBC}") = "Permitation.Test", "..\Algorithm.Test\Permitation.Test\Permitation.Test.csproj", "{F6304D36-02AE-48BC-9399-50C30E4FCCE3}"
EndProject
Project("{FAE04EC0-301F-11D3-BF4B-00C04F79EFBC}") = "RegulatoryMotifs.Test", "..\Algorithm.Test\RegulatoryMotifs.Test\RegulatoryMotifs.Test.csproj", "{F6C60E57-CCA7-4737-B060-208CA51C4386}"
EndProject
Project("{FAE04EC0-301F-11D3-BF4B-00C04F79EFBC}") = "RepresentativesSet.Test", "..\Algorithm.Test\RepresentativesSet.Test\RepresentativesSet.Test.csproj", "{46CFE1CC-0DC0-45CA-9A56-AF421FC22C77}"
EndProject
Project("{FAE04EC0-301F-11D3-BF4B-00C04F79EFBC}") = "TravellingSalesman.Test", "..\Algorithm.Test\TravellingSalesman.Test\TravellingSalesman.Test.csproj", "{A34D4113-BB56-4D4E-B747-CD458DF3F0DF}"
EndProject
Project("{FAE04EC0-301F-11D3-BF4B-00C04F79EFBC}") = "CompareSort", "..\Algorithm\Polynomial\Sorting\CompareSort\CompareSort.csproj", "{B3C5CAB1-9384-47D0-BC82-8D4A3A172AC9}"
EndProject
Project("{2150E333-8FDC-42A3-9474-1A3956D46DE8}") = "Statistics", "Statistics", "{9D725A4B-6B85-4F96-A8BE-7CBE4B9459E8}"
EndProject
Project("{FAE04EC0-301F-11D3-BF4B-00C04F79EFBC}") = "StatisticsStorage", "..\Statistics\StatisticsStorage\StatisticsStorage.csproj", "{AE1715C5-402D-4BBF-A88C-DF562ED22DA1}"
EndProject
Project("{FAE04EC0-301F-11D3-BF4B-00C04F79EFBC}") = "DNAMapping", "..\Algorithm\Exponential\DNAMapping\DNAMapping.csproj", "{84AB8212-28F8-4903-8898-A2DDBAB00963}"
EndProject
Project("{FAE04EC0-301F-11D3-BF4B-00C04F79EFBC}") = "ExactStringCompare", "..\Algorithm\Polynomial\Strings\ExactStringCompare\ExactStringCompare.csproj", "{55C506CA-3D5E-4AA5-A096-10FA913EEFDD}"
EndProject
Project("{FAE04EC0-301F-11D3-BF4B-00C04F79EFBC}") = "IsomorphismGraph", "..\Algorithm\Exponential\IsomorphismGraph\IsomorphismGraph.csproj", "{2C8D0B78-109E-4598-B318-A3E16554709D}"
EndProject
Project("{FAE04EC0-301F-11D3-BF4B-00C04F79EFBC}") = "FindingRegulatoryMotifs", "..\Algorithm\Exponential\FindingRegulatoryMotifs\FindingRegulatoryMotifs.csproj", "{5960E663-8E29-4884-A727-366B04D75A9B}"
EndProject
Project("{2150E333-8FDC-42A3-9474-1A3956D46DE8}") = "Set", "Set", "{D2906B15-EE47-48A8-9951-4ECB320C0985}"
EndProject
Project("{FAE04EC0-301F-11D3-BF4B-00C04F79EFBC}") = "RepresentativesSet", "..\Algorithm\Set\RepresentativesSet\RepresentativesSet.csproj", "{0191FBE0-FE19-4A46-AB51-682DE465B7F6}"
EndProject
Global
	GlobalSection(SolutionConfigurationPlatforms) = preSolution
		Debug|Any CPU = Debug|Any CPU
		Release|Any CPU = Release|Any CPU
	EndGlobalSection
	GlobalSection(ProjectConfigurationPlatforms) = postSolution
		{2CB4FA58-470E-4742-8663-668F8ABE7F7A}.Debug|Any CPU.ActiveCfg = Debug|Any CPU
		{2CB4FA58-470E-4742-8663-668F8ABE7F7A}.Debug|Any CPU.Build.0 = Debug|Any CPU
		{2CB4FA58-470E-4742-8663-668F8ABE7F7A}.Release|Any CPU.ActiveCfg = Release|Any CPU
		{2CB4FA58-470E-4742-8663-668F8ABE7F7A}.Release|Any CPU.Build.0 = Release|Any CPU
		{94D03014-7ED8-4634-AAF9-9BFF1E724F61}.Debug|Any CPU.ActiveCfg = Debug|Any CPU
		{94D03014-7ED8-4634-AAF9-9BFF1E724F61}.Debug|Any CPU.Build.0 = Debug|Any CPU
		{94D03014-7ED8-4634-AAF9-9BFF1E724F61}.Release|Any CPU.ActiveCfg = Release|Any CPU
		{94D03014-7ED8-4634-AAF9-9BFF1E724F61}.Release|Any CPU.Build.0 = Release|Any CPU
		{EEA34670-F292-46E2-BD0C-D6C638EBF503}.Debug|Any CPU.ActiveCfg = Debug|Any CPU
		{EEA34670-F292-46E2-BD0C-D6C638EBF503}.Debug|Any CPU.Build.0 = Debug|Any CPU
		{EEA34670-F292-46E2-BD0C-D6C638EBF503}.Release|Any CPU.ActiveCfg = Release|Any CPU
		{EEA34670-F292-46E2-BD0C-D6C638EBF503}.Release|Any CPU.Build.0 = Release|Any CPU
		{EFFD13E7-8F38-4CC5-A41C-41771AAFA09F}.Debug|Any CPU.ActiveCfg = Debug|Any CPU
		{EFFD13E7-8F38-4CC5-A41C-41771AAFA09F}.Debug|Any CPU.Build.0 = Debug|Any CPU
		{EFFD13E7-8F38-4CC5-A41C-41771AAFA09F}.Release|Any CPU.ActiveCfg = Release|Any CPU
		{EFFD13E7-8F38-4CC5-A41C-41771AAFA09F}.Release|Any CPU.Build.0 = Release|Any CPU
		{9522DAFC-6414-4073-A7D4-C40297AE245D}.Debug|Any CPU.ActiveCfg = Debug|Any CPU
		{9522DAFC-6414-4073-A7D4-C40297AE245D}.Debug|Any CPU.Build.0 = Debug|Any CPU
		{9522DAFC-6414-4073-A7D4-C40297AE245D}.Release|Any CPU.ActiveCfg = Release|Any CPU
		{9522DAFC-6414-4073-A7D4-C40297AE245D}.Release|Any CPU.Build.0 = Release|Any CPU
		{4981AA28-084E-4F87-B872-B5B1AE729204}.Debug|Any CPU.ActiveCfg = Debug|Any CPU
		{4981AA28-084E-4F87-B872-B5B1AE729204}.Debug|Any CPU.Build.0 = Debug|Any CPU
		{4981AA28-084E-4F87-B872-B5B1AE729204}.Release|Any CPU.ActiveCfg = Release|Any CPU
		{4981AA28-084E-4F87-B872-B5B1AE729204}.Release|Any CPU.Build.0 = Release|Any CPU
		{B0E0A030-3F31-418A-8A2E-CCB82E546645}.Debug|Any CPU.ActiveCfg = Debug|Any CPU
		{B0E0A030-3F31-418A-8A2E-CCB82E546645}.Debug|Any CPU.Build.0 = Debug|Any CPU
		{B0E0A030-3F31-418A-8A2E-CCB82E546645}.Release|Any CPU.ActiveCfg = Release|Any CPU
		{B0E0A030-3F31-418A-8A2E-CCB82E546645}.Release|Any CPU.Build.0 = Release|Any CPU
		{80F09C6A-9A08-4284-83CF-4218BE1B8C49}.Debug|Any CPU.ActiveCfg = Debug|Any CPU
		{80F09C6A-9A08-4284-83CF-4218BE1B8C49}.Debug|Any CPU.Build.0 = Debug|Any CPU
		{80F09C6A-9A08-4284-83CF-4218BE1B8C49}.Release|Any CPU.ActiveCfg = Release|Any CPU
		{80F09C6A-9A08-4284-83CF-4218BE1B8C49}.Release|Any CPU.Build.0 = Release|Any CPU
		{29E0FF28-09BC-41F8-81BE-896DA3FA46C7}.Debug|Any CPU.ActiveCfg = Debug|Any CPU
		{29E0FF28-09BC-41F8-81BE-896DA3FA46C7}.Debug|Any CPU.Build.0 = Debug|Any CPU
		{29E0FF28-09BC-41F8-81BE-896DA3FA46C7}.Release|Any CPU.ActiveCfg = Release|Any CPU
		{29E0FF28-09BC-41F8-81BE-896DA3FA46C7}.Release|Any CPU.Build.0 = Release|Any CPU
		{4ABC4230-C332-4D61-BDE0-32C14DFF23F2}.Debug|Any CPU.ActiveCfg = Debug|Any CPU
		{4ABC4230-C332-4D61-BDE0-32C14DFF23F2}.Debug|Any CPU.Build.0 = Debug|Any CPU
		{4ABC4230-C332-4D61-BDE0-32C14DFF23F2}.Release|Any CPU.ActiveCfg = Release|Any CPU
		{4ABC4230-C332-4D61-BDE0-32C14DFF23F2}.Release|Any CPU.Build.0 = Release|Any CPU
		{E3233C39-7998-42F1-9BE5-B91720A0DD67}.Debug|Any CPU.ActiveCfg = Debug|Any CPU
		{E3233C39-7998-42F1-9BE5-B91720A0DD67}.Debug|Any CPU.Build.0 = Debug|Any CPU
		{E3233C39-7998-42F1-9BE5-B91720A0DD67}.Release|Any CPU.ActiveCfg = Release|Any CPU
		{E3233C39-7998-42F1-9BE5-B91720A0DD67}.Release|Any CPU.Build.0 = Release|Any CPU
		{393079B3-D82C-4466-B138-CE3F73CA2B4B}.Debug|Any CPU.ActiveCfg = Debug|Any CPU
		{393079B3-D82C-4466-B138-CE3F73CA2B4B}.Debug|Any CPU.Build.0 = Debug|Any CPU
		{393079B3-D82C-4466-B138-CE3F73CA2B4B}.Release|Any CPU.ActiveCfg = Release|Any CPU
		{393079B3-D82C-4466-B138-CE3F73CA2B4B}.Release|Any CPU.Build.0 = Release|Any CPU
		{3EE912A0-F3D2-4C6E-A91E-90F3A88172CE}.Debug|Any CPU.ActiveCfg = Debug|Any CPU
		{3EE912A0-F3D2-4C6E-A91E-90F3A88172CE}.Debug|Any CPU.Build.0 = Debug|Any CPU
		{3EE912A0-F3D2-4C6E-A91E-90F3A88172CE}.Release|Any CPU.ActiveCfg = Release|Any CPU
		{3EE912A0-F3D2-4C6E-A91E-90F3A88172CE}.Release|Any CPU.Build.0 = Release|Any CPU
		{FE5B44C3-E5FE-4EDD-BB80-9774B1CEC342}.Debug|Any CPU.ActiveCfg = Debug|Any CPU
		{FE5B44C3-E5FE-4EDD-BB80-9774B1CEC342}.Debug|Any CPU.Build.0 = Debug|Any CPU
		{FE5B44C3-E5FE-4EDD-BB80-9774B1CEC342}.Release|Any CPU.ActiveCfg = Release|Any CPU
		{FE5B44C3-E5FE-4EDD-BB80-9774B1CEC342}.Release|Any CPU.Build.0 = Release|Any CPU
		{F6304D36-02AE-48BC-9399-50C30E4FCCE3}.Debug|Any CPU.ActiveCfg = Debug|Any CPU
		{F6304D36-02AE-48BC-9399-50C30E4FCCE3}.Debug|Any CPU.Build.0 = Debug|Any CPU
		{F6304D36-02AE-48BC-9399-50C30E4FCCE3}.Release|Any CPU.ActiveCfg = Release|Any CPU
		{F6304D36-02AE-48BC-9399-50C30E4FCCE3}.Release|Any CPU.Build.0 = Release|Any CPU
		{F6C60E57-CCA7-4737-B060-208CA51C4386}.Debug|Any CPU.ActiveCfg = Debug|Any CPU
		{F6C60E57-CCA7-4737-B060-208CA51C4386}.Debug|Any CPU.Build.0 = Debug|Any CPU
		{F6C60E57-CCA7-4737-B060-208CA51C4386}.Release|Any CPU.ActiveCfg = Release|Any CPU
		{F6C60E57-CCA7-4737-B060-208CA51C4386}.Release|Any CPU.Build.0 = Release|Any CPU
		{46CFE1CC-0DC0-45CA-9A56-AF421FC22C77}.Debug|Any CPU.ActiveCfg = Debug|Any CPU
		{46CFE1CC-0DC0-45CA-9A56-AF421FC22C77}.Debug|Any CPU.Build.0 = Debug|Any CPU
		{46CFE1CC-0DC0-45CA-9A56-AF421FC22C77}.Release|Any CPU.ActiveCfg = Release|Any CPU
		{46CFE1CC-0DC0-45CA-9A56-AF421FC22C77}.Release|Any CPU.Build.0 = Release|Any CPU
		{A34D4113-BB56-4D4E-B747-CD458DF3F0DF}.Debug|Any CPU.ActiveCfg = Debug|Any CPU
		{A34D4113-BB56-4D4E-B747-CD458DF3F0DF}.Debug|Any CPU.Build.0 = Debug|Any CPU
		{A34D4113-BB56-4D4E-B747-CD458DF3F0DF}.Release|Any CPU.ActiveCfg = Release|Any CPU
		{A34D4113-BB56-4D4E-B747-CD458DF3F0DF}.Release|Any CPU.Build.0 = Release|Any CPU
		{B3C5CAB1-9384-47D0-BC82-8D4A3A172AC9}.Debug|Any CPU.ActiveCfg = Debug|Any CPU
		{B3C5CAB1-9384-47D0-BC82-8D4A3A172AC9}.Debug|Any CPU.Build.0 = Debug|Any CPU
		{B3C5CAB1-9384-47D0-BC82-8D4A3A172AC9}.Release|Any CPU.ActiveCfg = Release|Any CPU
		{B3C5CAB1-9384-47D0-BC82-8D4A3A172AC9}.Release|Any CPU.Build.0 = Release|Any CPU
		{AE1715C5-402D-4BBF-A88C-DF562ED22DA1}.Debug|Any CPU.ActiveCfg = Debug|Any CPU
		{AE1715C5-402D-4BBF-A88C-DF562ED22DA1}.Debug|Any CPU.Build.0 = Debug|Any CPU
		{AE1715C5-402D-4BBF-A88C-DF562ED22DA1}.Release|Any CPU.ActiveCfg = Release|Any CPU
		{AE1715C5-402D-4BBF-A88C-DF562ED22DA1}.Release|Any CPU.Build.0 = Release|Any CPU
		{84AB8212-28F8-4903-8898-A2DDBAB00963}.Debug|Any CPU.ActiveCfg = Debug|Any CPU
		{84AB8212-28F8-4903-8898-A2DDBAB00963}.Debug|Any CPU.Build.0 = Debug|Any CPU
		{84AB8212-28F8-4903-8898-A2DDBAB00963}.Release|Any CPU.ActiveCfg = Release|Any CPU
		{84AB8212-28F8-4903-8898-A2DDBAB00963}.Release|Any CPU.Build.0 = Release|Any CPU
		{55C506CA-3D5E-4AA5-A096-10FA913EEFDD}.Debug|Any CPU.ActiveCfg = Debug|Any CPU
		{55C506CA-3D5E-4AA5-A096-10FA913EEFDD}.Debug|Any CPU.Build.0 = Debug|Any CPU
		{55C506CA-3D5E-4AA5-A096-10FA913EEFDD}.Release|Any CPU.ActiveCfg = Release|Any CPU
		{55C506CA-3D5E-4AA5-A096-10FA913EEFDD}.Release|Any CPU.Build.0 = Release|Any CPU
		{2C8D0B78-109E-4598-B318-A3E16554709D}.Debug|Any CPU.ActiveCfg = Debug|Any CPU
		{2C8D0B78-109E-4598-B318-A3E16554709D}.Debug|Any CPU.Build.0 = Debug|Any CPU
		{2C8D0B78-109E-4598-B318-A3E16554709D}.Release|Any CPU.ActiveCfg = Release|Any CPU
		{2C8D0B78-109E-4598-B318-A3E16554709D}.Release|Any CPU.Build.0 = Release|Any CPU
		{5960E663-8E29-4884-A727-366B04D75A9B}.Debug|Any CPU.ActiveCfg = Debug|Any CPU
		{5960E663-8E29-4884-A727-366B04D75A9B}.Debug|Any CPU.Build.0 = Debug|Any CPU
		{5960E663-8E29-4884-A727-366B04D75A9B}.Release|Any CPU.ActiveCfg = Release|Any CPU
		{5960E663-8E29-4884-A727-366B04D75A9B}.Release|Any CPU.Build.0 = Release|Any CPU
		{0191FBE0-FE19-4A46-AB51-682DE465B7F6}.Debug|Any CPU.ActiveCfg = Debug|Any CPU
		{0191FBE0-FE19-4A46-AB51-682DE465B7F6}.Debug|Any CPU.Build.0 = Debug|Any CPU
		{0191FBE0-FE19-4A46-AB51-682DE465B7F6}.Release|Any CPU.ActiveCfg = Release|Any CPU
		{0191FBE0-FE19-4A46-AB51-682DE465B7F6}.Release|Any CPU.Build.0 = Release|Any CPU
	EndGlobalSection
	GlobalSection(SolutionProperties) = preSolution
		HideSolutionNode = FALSE
	EndGlobalSection
	GlobalSection(NestedProjects) = preSolution
		{A2AE3A9B-CE7D-49CE-807B-B219075F2488} = {3DE89A00-6DD6-4C0A-8D62-E5350CDE5D05}
		{623C4741-C742-4F7F-A10F-5D7784C3F01E} = {3DE89A00-6DD6-4C0A-8D62-E5350CDE5D05}
		{09F8C0E9-B85D-449E-B997-FCE144A89EF1} = {3DE89A00-6DD6-4C0A-8D62-E5350CDE5D05}
		{94D03014-7ED8-4634-AAF9-9BFF1E724F61} = {623C4741-C742-4F7F-A10F-5D7784C3F01E}
		{EEA34670-F292-46E2-BD0C-D6C638EBF503} = {A2AE3A9B-CE7D-49CE-807B-B219075F2488}
		{EFFD13E7-8F38-4CC5-A41C-41771AAFA09F} = {09F8C0E9-B85D-449E-B997-FCE144A89EF1}
		{9522DAFC-6414-4073-A7D4-C40297AE245D} = {623C4741-C742-4F7F-A10F-5D7784C3F01E}
		{4981AA28-084E-4F87-B872-B5B1AE729204} = {6F8F4977-524F-45A1-8035-D2F4D4B52488}
		{B0E0A030-3F31-418A-8A2E-CCB82E546645} = {3DE89A00-6DD6-4C0A-8D62-E5350CDE5D05}
		{ADDB8012-6B32-4A71-9037-484FD9C74672} = {74D44794-F608-4686-8689-EA4D14C0519B}
		{80F09C6A-9A08-4284-83CF-4218BE1B8C49} = {ADDB8012-6B32-4A71-9037-484FD9C74672}
		{29E0FF28-09BC-41F8-81BE-896DA3FA46C7} = {ADDB8012-6B32-4A71-9037-484FD9C74672}
		{F44D6630-DF23-4419-A8A3-0E1CD3A56195} = {74D44794-F608-4686-8689-EA4D14C0519B}
		{DACA5C74-9B90-4E2E-8B80-E012B261F946} = {74D44794-F608-4686-8689-EA4D14C0519B}
		{BB47E73D-15EA-44C2-96B4-6502E6754797} = {DACA5C74-9B90-4E2E-8B80-E012B261F946}
		{2547000F-87AE-444E-A0C3-B50339F84096} = {DACA5C74-9B90-4E2E-8B80-E012B261F946}
		{8BA183E4-B22F-4A3B-B463-19D0B2BB9476} = {DACA5C74-9B90-4E2E-8B80-E012B261F946}
		{4ABC4230-C332-4D61-BDE0-32C14DFF23F2} = {BB47E73D-15EA-44C2-96B4-6502E6754797}
		{E3233C39-7998-42F1-9BE5-B91720A0DD67} = {A2AE3A9B-CE7D-49CE-807B-B219075F2488}
		{393079B3-D82C-4466-B138-CE3F73CA2B4B} = {623C4741-C742-4F7F-A10F-5D7784C3F01E}
		{3EE912A0-F3D2-4C6E-A91E-90F3A88172CE} = {09F8C0E9-B85D-449E-B997-FCE144A89EF1}
		{FE5B44C3-E5FE-4EDD-BB80-9774B1CEC342} = {623C4741-C742-4F7F-A10F-5D7784C3F01E}
		{F6304D36-02AE-48BC-9399-50C30E4FCCE3} = {623C4741-C742-4F7F-A10F-5D7784C3F01E}
		{F6C60E57-CCA7-4737-B060-208CA51C4386} = {623C4741-C742-4F7F-A10F-5D7784C3F01E}
		{46CFE1CC-0DC0-45CA-9A56-AF421FC22C77} = {623C4741-C742-4F7F-A10F-5D7784C3F01E}
		{A34D4113-BB56-4D4E-B747-CD458DF3F0DF} = {623C4741-C742-4F7F-A10F-5D7784C3F01E}
		{B3C5CAB1-9384-47D0-BC82-8D4A3A172AC9} = {2547000F-87AE-444E-A0C3-B50339F84096}
		{AE1715C5-402D-4BBF-A88C-DF562ED22DA1} = {9D725A4B-6B85-4F96-A8BE-7CBE4B9459E8}
		{84AB8212-28F8-4903-8898-A2DDBAB00963} = {F44D6630-DF23-4419-A8A3-0E1CD3A56195}
		{55C506CA-3D5E-4AA5-A096-10FA913EEFDD} = {8BA183E4-B22F-4A3B-B463-19D0B2BB9476}
		{2C8D0B78-109E-4598-B318-A3E16554709D} = {F44D6630-DF23-4419-A8A3-0E1CD3A56195}
		{5960E663-8E29-4884-A727-366B04D75A9B} = {F44D6630-DF23-4419-A8A3-0E1CD3A56195}
		{D2906B15-EE47-48A8-9951-4ECB320C0985} = {74D44794-F608-4686-8689-EA4D14C0519B}
		{0191FBE0-FE19-4A46-AB51-682DE465B7F6} = {D2906B15-EE47-48A8-9951-4ECB320C0985}
	EndGlobalSection
EndGlobal
